
Microsoft Visual Studio Solution File, Format Version 12.00
# Visual Studio Version 16
VisualStudioVersion = 16.0.30907.101
MinimumVisualStudioVersion = 10.0.40219.1
Project("{9A19103F-16F7-4668-BE54-9A1E7A4F7556}") = "Harlem.DAL", "Harlem.DAL\Harlem.DAL.csproj", "{699EDC88-51C2-4DFA-9C65-52F9A10293EF}"
EndProject
Project("{9A19103F-16F7-4668-BE54-9A1E7A4F7556}") = "Harlem.BLL", "Harlem.BLL\Harlem.BLL.csproj", "{70CA1027-7CAE-43B3-A3DE-C83ED3C4EB83}"
EndProject
Project("{9A19103F-16F7-4668-BE54-9A1E7A4F7556}") = "Harlem.Entity", "Harlem.Entity\Harlem.Entity.csproj", "{EE0957A2-53AD-4E0E-A802-F05A6EA8CF3F}"
EndProject
Project("{9A19103F-16F7-4668-BE54-9A1E7A4F7556}") = "Harlem.Core", "Harlem.Core\Harlem.Core.csproj", "{9819C3EA-2A19-4FBB-B30A-C013AA67AE03}"
EndProject
Project("{9A19103F-16F7-4668-BE54-9A1E7A4F7556}") = "Harlem.Web", "Harlem.Web\Harlem.Web.csproj", "{42C3DEB4-0912-4CC7-98D4-3EBB72BD771A}"
EndProject
Project("{FAE04EC0-301F-11D3-BF4B-00C04F79EFBC}") = "WebApplication2", "WebApplication2\WebApplication2.csproj", "{040BA067-EDCE-4E65-BDB2-A679FD70EC95}"
EndProject
Global
	GlobalSection(SolutionConfigurationPlatforms) = preSolution
		Debug|Any CPU = Debug|Any CPU
		Release|Any CPU = Release|Any CPU
	EndGlobalSection
	GlobalSection(ProjectConfigurationPlatforms) = postSolution
		{699EDC88-51C2-4DFA-9C65-52F9A10293EF}.Debug|Any CPU.ActiveCfg = Debug|Any CPU
		{699EDC88-51C2-4DFA-9C65-52F9A10293EF}.Debug|Any CPU.Build.0 = Debug|Any CPU
		{699EDC88-51C2-4DFA-9C65-52F9A10293EF}.Release|Any CPU.ActiveCfg = Release|Any CPU
		{699EDC88-51C2-4DFA-9C65-52F9A10293EF}.Release|Any CPU.Build.0 = Release|Any CPU
		{70CA1027-7CAE-43B3-A3DE-C83ED3C4EB83}.Debug|Any CPU.ActiveCfg = Debug|Any CPU
		{70CA1027-7CAE-43B3-A3DE-C83ED3C4EB83}.Debug|Any CPU.Build.0 = Debug|Any CPU
		{70CA1027-7CAE-43B3-A3DE-C83ED3C4EB83}.Release|Any CPU.ActiveCfg = Release|Any CPU
		{70CA1027-7CAE-43B3-A3DE-C83ED3C4EB83}.Release|Any CPU.Build.0 = Release|Any CPU
		{EE0957A2-53AD-4E0E-A802-F05A6EA8CF3F}.Debug|Any CPU.ActiveCfg = Debug|Any CPU
		{EE0957A2-53AD-4E0E-A802-F05A6EA8CF3F}.Debug|Any CPU.Build.0 = Debug|Any CPU
		{EE0957A2-53AD-4E0E-A802-F05A6EA8CF3F}.Release|Any CPU.ActiveCfg = Release|Any CPU
		{EE0957A2-53AD-4E0E-A802-F05A6EA8CF3F}.Release|Any CPU.Build.0 = Release|Any CPU
		{9819C3EA-2A19-4FBB-B30A-C013AA67AE03}.Debug|Any CPU.ActiveCfg = Debug|Any CPU
		{9819C3EA-2A19-4FBB-B30A-C013AA67AE03}.Debug|Any CPU.Build.0 = Debug|Any CPU
		{9819C3EA-2A19-4FBB-B30A-C013AA67AE03}.Release|Any CPU.ActiveCfg = Release|Any CPU
		{9819C3EA-2A19-4FBB-B30A-C013AA67AE03}.Release|Any CPU.Build.0 = Release|Any CPU
		{42C3DEB4-0912-4CC7-98D4-3EBB72BD771A}.Debug|Any CPU.ActiveCfg = Debug|Any CPU
		{42C3DEB4-0912-4CC7-98D4-3EBB72BD771A}.Debug|Any CPU.Build.0 = Debug|Any CPU
		{42C3DEB4-0912-4CC7-98D4-3EBB72BD771A}.Release|Any CPU.ActiveCfg = Release|Any CPU
		{42C3DEB4-0912-4CC7-98D4-3EBB72BD771A}.Release|Any CPU.Build.0 = Release|Any CPU
		{040BA067-EDCE-4E65-BDB2-A679FD70EC95}.Debug|Any CPU.ActiveCfg = Debug|Any CPU
		{040BA067-EDCE-4E65-BDB2-A679FD70EC95}.Debug|Any CPU.Build.0 = Debug|Any CPU
		{040BA067-EDCE-4E65-BDB2-A679FD70EC95}.Release|Any CPU.ActiveCfg = Release|Any CPU
		{040BA067-EDCE-4E65-BDB2-A679FD70EC95}.Release|Any CPU.Build.0 = Release|Any CPU
	EndGlobalSection
	GlobalSection(SolutionProperties) = preSolution
		HideSolutionNode = FALSE
	EndGlobalSection
	GlobalSection(ExtensibilityGlobals) = postSolution
		SolutionGuid = {146D0A7F-A583-4FD5-84DB-CCFAE9601C7A}
	EndGlobalSection
EndGlobal
